
Microsoft Visual Studio Solution File, Format Version 12.00
# Visual Studio Version 16
VisualStudioVersion = 16.0.29509.3
MinimumVisualStudioVersion = 10.0.40219.1
Project("{FAE04EC0-301F-11D3-BF4B-00C04F79EFBC}") = "Tagg.UWP", "Tagg.UWP\Tagg.UWP.csproj", "{3C92C425-9341-4358-9037-FAA2AC5984E8}"
EndProject
Project("{FAE04EC0-301F-11D3-BF4B-00C04F79EFBC}") = "Tagg.Android", "Tagg.Android\Tagg.Android.csproj", "{7C0988F9-296D-4801-8E39-9AA72116F2B6}"
EndProject
Project("{FAE04EC0-301F-11D3-BF4B-00C04F79EFBC}") = "Tagg.iOS", "Tagg.iOS\Tagg.iOS.csproj", "{F64E5059-AFCC-414D-A357-5B3C5F270103}"
EndProject
Project("{9A19103F-16F7-4668-BE54-9A1E7A4F7556}") = "Tagg", "Tagg\Tagg.csproj", "{8F1AB45B-A845-4A92-A996-15F71B85F50C}"
EndProject
Project("{2150E333-8FDC-42A3-9474-1A3956D46DE8}") = "Components", "Components", "{D8C6D8FB-5D6C-47A5-AD68-9F4F00D874FF}"
EndProject
Project("{9A19103F-16F7-4668-BE54-9A1E7A4F7556}") = "TaggUI", "TaggUI\TaggUI\TaggUI.csproj", "{205701DE-F406-41EC-B9EB-CA20AE2AA677}"
EndProject
Project("{FAE04EC0-301F-11D3-BF4B-00C04F79EFBC}") = "TaggUI.UWP", "TaggUI\TaggUI.UWP\TaggUI.UWP.csproj", "{67F69A6A-8948-44E7-A40A-0CCA38D32324}"
EndProject
Project("{FAE04EC0-301F-11D3-BF4B-00C04F79EFBC}") = "TaggUI.Android", "TaggUI\TaggUI.Android\TaggUI.Android.csproj", "{E41E4BA0-873E-4B22-BA30-7C90ABBEC63E}"
EndProject
Project("{FAE04EC0-301F-11D3-BF4B-00C04F79EFBC}") = "TaggUI.iOS", "TaggUI\TaggUI.iOS\TaggUI.iOS.csproj", "{8DDF78EB-EB65-4FDD-9C9D-3D724B2F12C2}"
EndProject
Global
	GlobalSection(SolutionConfigurationPlatforms) = preSolution
		Debug|Any CPU = Debug|Any CPU
		Debug|ARM = Debug|ARM
		Debug|ARM64 = Debug|ARM64
		Debug|iPhone = Debug|iPhone
		Debug|iPhoneSimulator = Debug|iPhoneSimulator
		Debug|x64 = Debug|x64
		Debug|x86 = Debug|x86
		Release|Any CPU = Release|Any CPU
		Release|ARM = Release|ARM
		Release|ARM64 = Release|ARM64
		Release|iPhone = Release|iPhone
		Release|iPhoneSimulator = Release|iPhoneSimulator
		Release|x64 = Release|x64
		Release|x86 = Release|x86
	EndGlobalSection
	GlobalSection(ProjectConfigurationPlatforms) = postSolution
		{3C92C425-9341-4358-9037-FAA2AC5984E8}.Debug|Any CPU.ActiveCfg = Debug|x86
		{3C92C425-9341-4358-9037-FAA2AC5984E8}.Debug|Any CPU.Build.0 = Debug|x86
		{3C92C425-9341-4358-9037-FAA2AC5984E8}.Debug|Any CPU.Deploy.0 = Debug|x86
		{3C92C425-9341-4358-9037-FAA2AC5984E8}.Debug|ARM.ActiveCfg = Debug|ARM
		{3C92C425-9341-4358-9037-FAA2AC5984E8}.Debug|ARM.Build.0 = Debug|ARM
		{3C92C425-9341-4358-9037-FAA2AC5984E8}.Debug|ARM.Deploy.0 = Debug|ARM
		{3C92C425-9341-4358-9037-FAA2AC5984E8}.Debug|ARM64.ActiveCfg = Debug|x86
		{3C92C425-9341-4358-9037-FAA2AC5984E8}.Debug|iPhone.ActiveCfg = Debug|x86
		{3C92C425-9341-4358-9037-FAA2AC5984E8}.Debug|iPhone.Build.0 = Debug|x86
		{3C92C425-9341-4358-9037-FAA2AC5984E8}.Debug|iPhone.Deploy.0 = Debug|x86
		{3C92C425-9341-4358-9037-FAA2AC5984E8}.Debug|iPhoneSimulator.ActiveCfg = Debug|x86
		{3C92C425-9341-4358-9037-FAA2AC5984E8}.Debug|iPhoneSimulator.Build.0 = Debug|x86
		{3C92C425-9341-4358-9037-FAA2AC5984E8}.Debug|iPhoneSimulator.Deploy.0 = Debug|x86
		{3C92C425-9341-4358-9037-FAA2AC5984E8}.Debug|x64.ActiveCfg = Debug|x64
		{3C92C425-9341-4358-9037-FAA2AC5984E8}.Debug|x64.Build.0 = Debug|x64
		{3C92C425-9341-4358-9037-FAA2AC5984E8}.Debug|x64.Deploy.0 = Debug|x64
		{3C92C425-9341-4358-9037-FAA2AC5984E8}.Debug|x86.ActiveCfg = Debug|x86
		{3C92C425-9341-4358-9037-FAA2AC5984E8}.Debug|x86.Build.0 = Debug|x86
		{3C92C425-9341-4358-9037-FAA2AC5984E8}.Debug|x86.Deploy.0 = Debug|x86
		{3C92C425-9341-4358-9037-FAA2AC5984E8}.Release|Any CPU.ActiveCfg = Release|x86
		{3C92C425-9341-4358-9037-FAA2AC5984E8}.Release|Any CPU.Build.0 = Release|x86
		{3C92C425-9341-4358-9037-FAA2AC5984E8}.Release|Any CPU.Deploy.0 = Release|x86
		{3C92C425-9341-4358-9037-FAA2AC5984E8}.Release|ARM.ActiveCfg = Release|ARM
		{3C92C425-9341-4358-9037-FAA2AC5984E8}.Release|ARM.Build.0 = Release|ARM
		{3C92C425-9341-4358-9037-FAA2AC5984E8}.Release|ARM.Deploy.0 = Release|ARM
		{3C92C425-9341-4358-9037-FAA2AC5984E8}.Release|ARM64.ActiveCfg = Release|x86
		{3C92C425-9341-4358-9037-FAA2AC5984E8}.Release|iPhone.ActiveCfg = Release|x86
		{3C92C425-9341-4358-9037-FAA2AC5984E8}.Release|iPhone.Build.0 = Release|x86
		{3C92C425-9341-4358-9037-FAA2AC5984E8}.Release|iPhone.Deploy.0 = Release|x86
		{3C92C425-9341-4358-9037-FAA2AC5984E8}.Release|iPhoneSimulator.ActiveCfg = Release|x86
		{3C92C425-9341-4358-9037-FAA2AC5984E8}.Release|iPhoneSimulator.Build.0 = Release|x86
		{3C92C425-9341-4358-9037-FAA2AC5984E8}.Release|iPhoneSimulator.Deploy.0 = Release|x86
		{3C92C425-9341-4358-9037-FAA2AC5984E8}.Release|x64.ActiveCfg = Release|x64
		{3C92C425-9341-4358-9037-FAA2AC5984E8}.Release|x64.Build.0 = Release|x64
		{3C92C425-9341-4358-9037-FAA2AC5984E8}.Release|x64.Deploy.0 = Release|x64
		{3C92C425-9341-4358-9037-FAA2AC5984E8}.Release|x86.ActiveCfg = Release|x86
		{3C92C425-9341-4358-9037-FAA2AC5984E8}.Release|x86.Build.0 = Release|x86
		{3C92C425-9341-4358-9037-FAA2AC5984E8}.Release|x86.Deploy.0 = Release|x86
		{7C0988F9-296D-4801-8E39-9AA72116F2B6}.Debug|Any CPU.ActiveCfg = Debug|Any CPU
		{7C0988F9-296D-4801-8E39-9AA72116F2B6}.Debug|Any CPU.Build.0 = Debug|Any CPU
		{7C0988F9-296D-4801-8E39-9AA72116F2B6}.Debug|Any CPU.Deploy.0 = Debug|Any CPU
		{7C0988F9-296D-4801-8E39-9AA72116F2B6}.Debug|ARM.ActiveCfg = Debug|Any CPU
		{7C0988F9-296D-4801-8E39-9AA72116F2B6}.Debug|ARM.Build.0 = Debug|Any CPU
		{7C0988F9-296D-4801-8E39-9AA72116F2B6}.Debug|ARM.Deploy.0 = Debug|Any CPU
		{7C0988F9-296D-4801-8E39-9AA72116F2B6}.Debug|ARM64.ActiveCfg = Debug|Any CPU
		{7C0988F9-296D-4801-8E39-9AA72116F2B6}.Debug|ARM64.Build.0 = Debug|Any CPU
		{7C0988F9-296D-4801-8E39-9AA72116F2B6}.Debug|ARM64.Deploy.0 = Debug|Any CPU
		{7C0988F9-296D-4801-8E39-9AA72116F2B6}.Debug|iPhone.ActiveCfg = Debug|Any CPU
		{7C0988F9-296D-4801-8E39-9AA72116F2B6}.Debug|iPhone.Build.0 = Debug|Any CPU
		{7C0988F9-296D-4801-8E39-9AA72116F2B6}.Debug|iPhone.Deploy.0 = Debug|Any CPU
		{7C0988F9-296D-4801-8E39-9AA72116F2B6}.Debug|iPhoneSimulator.ActiveCfg = Debug|Any CPU
		{7C0988F9-296D-4801-8E39-9AA72116F2B6}.Debug|iPhoneSimulator.Build.0 = Debug|Any CPU
		{7C0988F9-296D-4801-8E39-9AA72116F2B6}.Debug|iPhoneSimulator.Deploy.0 = Debug|Any CPU
		{7C0988F9-296D-4801-8E39-9AA72116F2B6}.Debug|x64.ActiveCfg = Debug|Any CPU
		{7C0988F9-296D-4801-8E39-9AA72116F2B6}.Debug|x64.Build.0 = Debug|Any CPU
		{7C0988F9-296D-4801-8E39-9AA72116F2B6}.Debug|x64.Deploy.0 = Debug|Any CPU
		{7C0988F9-296D-4801-8E39-9AA72116F2B6}.Debug|x86.ActiveCfg = Debug|Any CPU
		{7C0988F9-296D-4801-8E39-9AA72116F2B6}.Debug|x86.Build.0 = Debug|Any CPU
		{7C0988F9-296D-4801-8E39-9AA72116F2B6}.Debug|x86.Deploy.0 = Debug|Any CPU
		{7C0988F9-296D-4801-8E39-9AA72116F2B6}.Release|Any CPU.ActiveCfg = Release|Any CPU
		{7C0988F9-296D-4801-8E39-9AA72116F2B6}.Release|Any CPU.Build.0 = Release|Any CPU
		{7C0988F9-296D-4801-8E39-9AA72116F2B6}.Release|Any CPU.Deploy.0 = Release|Any CPU
		{7C0988F9-296D-4801-8E39-9AA72116F2B6}.Release|ARM.ActiveCfg = Release|Any CPU
		{7C0988F9-296D-4801-8E39-9AA72116F2B6}.Release|ARM.Build.0 = Release|Any CPU
		{7C0988F9-296D-4801-8E39-9AA72116F2B6}.Release|ARM.Deploy.0 = Release|Any CPU
		{7C0988F9-296D-4801-8E39-9AA72116F2B6}.Release|ARM64.ActiveCfg = Release|Any CPU
		{7C0988F9-296D-4801-8E39-9AA72116F2B6}.Release|ARM64.Build.0 = Release|Any CPU
		{7C0988F9-296D-4801-8E39-9AA72116F2B6}.Release|ARM64.Deploy.0 = Release|Any CPU
		{7C0988F9-296D-4801-8E39-9AA72116F2B6}.Release|iPhone.ActiveCfg = Release|Any CPU
		{7C0988F9-296D-4801-8E39-9AA72116F2B6}.Release|iPhone.Build.0 = Release|Any CPU
		{7C0988F9-296D-4801-8E39-9AA72116F2B6}.Release|iPhone.Deploy.0 = Release|Any CPU
		{7C0988F9-296D-4801-8E39-9AA72116F2B6}.Release|iPhoneSimulator.ActiveCfg = Release|Any CPU
		{7C0988F9-296D-4801-8E39-9AA72116F2B6}.Release|iPhoneSimulator.Build.0 = Release|Any CPU
		{7C0988F9-296D-4801-8E39-9AA72116F2B6}.Release|iPhoneSimulator.Deploy.0 = Release|Any CPU
		{7C0988F9-296D-4801-8E39-9AA72116F2B6}.Release|x64.ActiveCfg = Release|Any CPU
		{7C0988F9-296D-4801-8E39-9AA72116F2B6}.Release|x64.Build.0 = Release|Any CPU
		{7C0988F9-296D-4801-8E39-9AA72116F2B6}.Release|x64.Deploy.0 = Release|Any CPU
		{7C0988F9-296D-4801-8E39-9AA72116F2B6}.Release|x86.ActiveCfg = Release|Any CPU
		{7C0988F9-296D-4801-8E39-9AA72116F2B6}.Release|x86.Build.0 = Release|Any CPU
		{7C0988F9-296D-4801-8E39-9AA72116F2B6}.Release|x86.Deploy.0 = Release|Any CPU
		{F64E5059-AFCC-414D-A357-5B3C5F270103}.Debug|Any CPU.ActiveCfg = Debug|iPhone
		{F64E5059-AFCC-414D-A357-5B3C5F270103}.Debug|Any CPU.Build.0 = Debug|iPhone
		{F64E5059-AFCC-414D-A357-5B3C5F270103}.Debug|Any CPU.Deploy.0 = Debug|iPhone
		{F64E5059-AFCC-414D-A357-5B3C5F270103}.Debug|ARM.ActiveCfg = Debug|iPhoneSimulator
		{F64E5059-AFCC-414D-A357-5B3C5F270103}.Debug|ARM.Build.0 = Debug|iPhoneSimulator
		{F64E5059-AFCC-414D-A357-5B3C5F270103}.Debug|ARM.Deploy.0 = Debug|iPhoneSimulator
		{F64E5059-AFCC-414D-A357-5B3C5F270103}.Debug|ARM64.ActiveCfg = Debug|iPhoneSimulator
		{F64E5059-AFCC-414D-A357-5B3C5F270103}.Debug|iPhone.ActiveCfg = Debug|iPhone
		{F64E5059-AFCC-414D-A357-5B3C5F270103}.Debug|iPhone.Build.0 = Debug|iPhone
		{F64E5059-AFCC-414D-A357-5B3C5F270103}.Debug|iPhone.Deploy.0 = Debug|iPhone
		{F64E5059-AFCC-414D-A357-5B3C5F270103}.Debug|iPhoneSimulator.ActiveCfg = Debug|iPhoneSimulator
		{F64E5059-AFCC-414D-A357-5B3C5F270103}.Debug|iPhoneSimulator.Build.0 = Debug|iPhoneSimulator
		{F64E5059-AFCC-414D-A357-5B3C5F270103}.Debug|iPhoneSimulator.Deploy.0 = Debug|iPhoneSimulator
		{F64E5059-AFCC-414D-A357-5B3C5F270103}.Debug|x64.ActiveCfg = Debug|iPhone
		{F64E5059-AFCC-414D-A357-5B3C5F270103}.Debug|x64.Build.0 = Debug|iPhone
		{F64E5059-AFCC-414D-A357-5B3C5F270103}.Debug|x64.Deploy.0 = Debug|iPhone
		{F64E5059-AFCC-414D-A357-5B3C5F270103}.Debug|x86.ActiveCfg = Debug|iPhone
		{F64E5059-AFCC-414D-A357-5B3C5F270103}.Debug|x86.Build.0 = Debug|iPhone
		{F64E5059-AFCC-414D-A357-5B3C5F270103}.Debug|x86.Deploy.0 = Debug|iPhone
		{F64E5059-AFCC-414D-A357-5B3C5F270103}.Release|Any CPU.ActiveCfg = Release|iPhone
		{F64E5059-AFCC-414D-A357-5B3C5F270103}.Release|Any CPU.Build.0 = Release|iPhone
		{F64E5059-AFCC-414D-A357-5B3C5F270103}.Release|Any CPU.Deploy.0 = Release|iPhone
		{F64E5059-AFCC-414D-A357-5B3C5F270103}.Release|ARM.ActiveCfg = Release|iPhone
		{F64E5059-AFCC-414D-A357-5B3C5F270103}.Release|ARM.Build.0 = Release|iPhone
		{F64E5059-AFCC-414D-A357-5B3C5F270103}.Release|ARM.Deploy.0 = Release|iPhone
		{F64E5059-AFCC-414D-A357-5B3C5F270103}.Release|ARM64.ActiveCfg = Release|iPhoneSimulator
		{F64E5059-AFCC-414D-A357-5B3C5F270103}.Release|iPhone.ActiveCfg = Release|iPhone
		{F64E5059-AFCC-414D-A357-5B3C5F270103}.Release|iPhone.Build.0 = Release|iPhone
		{F64E5059-AFCC-414D-A357-5B3C5F270103}.Release|iPhone.Deploy.0 = Release|iPhone
		{F64E5059-AFCC-414D-A357-5B3C5F270103}.Release|iPhoneSimulator.ActiveCfg = Release|iPhoneSimulator
		{F64E5059-AFCC-414D-A357-5B3C5F270103}.Release|iPhoneSimulator.Build.0 = Release|iPhoneSimulator
		{F64E5059-AFCC-414D-A357-5B3C5F270103}.Release|iPhoneSimulator.Deploy.0 = Release|iPhoneSimulator
		{F64E5059-AFCC-414D-A357-5B3C5F270103}.Release|x64.ActiveCfg = Release|iPhone
		{F64E5059-AFCC-414D-A357-5B3C5F270103}.Release|x64.Build.0 = Release|iPhone
		{F64E5059-AFCC-414D-A357-5B3C5F270103}.Release|x64.Deploy.0 = Release|iPhone
		{F64E5059-AFCC-414D-A357-5B3C5F270103}.Release|x86.ActiveCfg = Release|iPhone
		{F64E5059-AFCC-414D-A357-5B3C5F270103}.Release|x86.Build.0 = Release|iPhone
		{F64E5059-AFCC-414D-A357-5B3C5F270103}.Release|x86.Deploy.0 = Release|iPhone
		{8F1AB45B-A845-4A92-A996-15F71B85F50C}.Debug|Any CPU.ActiveCfg = Debug|Any CPU
		{8F1AB45B-A845-4A92-A996-15F71B85F50C}.Debug|Any CPU.Build.0 = Debug|Any CPU
		{8F1AB45B-A845-4A92-A996-15F71B85F50C}.Debug|Any CPU.Deploy.0 = Debug|Any CPU
		{8F1AB45B-A845-4A92-A996-15F71B85F50C}.Debug|ARM.ActiveCfg = Debug|Any CPU
		{8F1AB45B-A845-4A92-A996-15F71B85F50C}.Debug|ARM.Build.0 = Debug|Any CPU
		{8F1AB45B-A845-4A92-A996-15F71B85F50C}.Debug|ARM.Deploy.0 = Debug|Any CPU
		{8F1AB45B-A845-4A92-A996-15F71B85F50C}.Debug|ARM64.ActiveCfg = Debug|Any CPU
		{8F1AB45B-A845-4A92-A996-15F71B85F50C}.Debug|ARM64.Build.0 = Debug|Any CPU
		{8F1AB45B-A845-4A92-A996-15F71B85F50C}.Debug|iPhone.ActiveCfg = Debug|Any CPU
		{8F1AB45B-A845-4A92-A996-15F71B85F50C}.Debug|iPhone.Build.0 = Debug|Any CPU
		{8F1AB45B-A845-4A92-A996-15F71B85F50C}.Debug|iPhone.Deploy.0 = Debug|Any CPU
		{8F1AB45B-A845-4A92-A996-15F71B85F50C}.Debug|iPhoneSimulator.ActiveCfg = Debug|Any CPU
		{8F1AB45B-A845-4A92-A996-15F71B85F50C}.Debug|iPhoneSimulator.Build.0 = Debug|Any CPU
		{8F1AB45B-A845-4A92-A996-15F71B85F50C}.Debug|iPhoneSimulator.Deploy.0 = Debug|Any CPU
		{8F1AB45B-A845-4A92-A996-15F71B85F50C}.Debug|x64.ActiveCfg = Debug|Any CPU
		{8F1AB45B-A845-4A92-A996-15F71B85F50C}.Debug|x64.Build.0 = Debug|Any CPU
		{8F1AB45B-A845-4A92-A996-15F71B85F50C}.Debug|x64.Deploy.0 = Debug|Any CPU
		{8F1AB45B-A845-4A92-A996-15F71B85F50C}.Debug|x86.ActiveCfg = Debug|Any CPU
		{8F1AB45B-A845-4A92-A996-15F71B85F50C}.Debug|x86.Build.0 = Debug|Any CPU
		{8F1AB45B-A845-4A92-A996-15F71B85F50C}.Debug|x86.Deploy.0 = Debug|Any CPU
		{8F1AB45B-A845-4A92-A996-15F71B85F50C}.Release|Any CPU.ActiveCfg = Release|Any CPU
		{8F1AB45B-A845-4A92-A996-15F71B85F50C}.Release|Any CPU.Build.0 = Release|Any CPU
		{8F1AB45B-A845-4A92-A996-15F71B85F50C}.Release|Any CPU.Deploy.0 = Release|Any CPU
		{8F1AB45B-A845-4A92-A996-15F71B85F50C}.Release|ARM.ActiveCfg = Release|Any CPU
		{8F1AB45B-A845-4A92-A996-15F71B85F50C}.Release|ARM.Build.0 = Release|Any CPU
		{8F1AB45B-A845-4A92-A996-15F71B85F50C}.Release|ARM.Deploy.0 = Release|Any CPU
		{8F1AB45B-A845-4A92-A996-15F71B85F50C}.Release|ARM64.ActiveCfg = Release|Any CPU
		{8F1AB45B-A845-4A92-A996-15F71B85F50C}.Release|ARM64.Build.0 = Release|Any CPU
		{8F1AB45B-A845-4A92-A996-15F71B85F50C}.Release|iPhone.ActiveCfg = Release|Any CPU
		{8F1AB45B-A845-4A92-A996-15F71B85F50C}.Release|iPhone.Build.0 = Release|Any CPU
		{8F1AB45B-A845-4A92-A996-15F71B85F50C}.Release|iPhone.Deploy.0 = Release|Any CPU
		{8F1AB45B-A845-4A92-A996-15F71B85F50C}.Release|iPhoneSimulator.ActiveCfg = Release|Any CPU
		{8F1AB45B-A845-4A92-A996-15F71B85F50C}.Release|iPhoneSimulator.Build.0 = Release|Any CPU
		{8F1AB45B-A845-4A92-A996-15F71B85F50C}.Release|iPhoneSimulator.Deploy.0 = Release|Any CPU
		{8F1AB45B-A845-4A92-A996-15F71B85F50C}.Release|x64.ActiveCfg = Release|Any CPU
		{8F1AB45B-A845-4A92-A996-15F71B85F50C}.Release|x64.Build.0 = Release|Any CPU
		{8F1AB45B-A845-4A92-A996-15F71B85F50C}.Release|x64.Deploy.0 = Release|Any CPU
		{8F1AB45B-A845-4A92-A996-15F71B85F50C}.Release|x86.ActiveCfg = Release|Any CPU
		{8F1AB45B-A845-4A92-A996-15F71B85F50C}.Release|x86.Build.0 = Release|Any CPU
		{8F1AB45B-A845-4A92-A996-15F71B85F50C}.Release|x86.Deploy.0 = Release|Any CPU
		{205701DE-F406-41EC-B9EB-CA20AE2AA677}.Debug|Any CPU.ActiveCfg = Debug|Any CPU
		{205701DE-F406-41EC-B9EB-CA20AE2AA677}.Debug|Any CPU.Build.0 = Debug|Any CPU
		{205701DE-F406-41EC-B9EB-CA20AE2AA677}.Debug|ARM.ActiveCfg = Debug|Any CPU
		{205701DE-F406-41EC-B9EB-CA20AE2AA677}.Debug|ARM.Build.0 = Debug|Any CPU
		{205701DE-F406-41EC-B9EB-CA20AE2AA677}.Debug|ARM64.ActiveCfg = Debug|Any CPU
		{205701DE-F406-41EC-B9EB-CA20AE2AA677}.Debug|ARM64.Build.0 = Debug|Any CPU
		{205701DE-F406-41EC-B9EB-CA20AE2AA677}.Debug|iPhone.ActiveCfg = Debug|Any CPU
		{205701DE-F406-41EC-B9EB-CA20AE2AA677}.Debug|iPhone.Build.0 = Debug|Any CPU
		{205701DE-F406-41EC-B9EB-CA20AE2AA677}.Debug|iPhoneSimulator.ActiveCfg = Debug|Any CPU
		{205701DE-F406-41EC-B9EB-CA20AE2AA677}.Debug|iPhoneSimulator.Build.0 = Debug|Any CPU
		{205701DE-F406-41EC-B9EB-CA20AE2AA677}.Debug|x64.ActiveCfg = Debug|Any CPU
		{205701DE-F406-41EC-B9EB-CA20AE2AA677}.Debug|x64.Build.0 = Debug|Any CPU
		{205701DE-F406-41EC-B9EB-CA20AE2AA677}.Debug|x86.ActiveCfg = Debug|Any CPU
		{205701DE-F406-41EC-B9EB-CA20AE2AA677}.Debug|x86.Build.0 = Debug|Any CPU
		{205701DE-F406-41EC-B9EB-CA20AE2AA677}.Release|Any CPU.ActiveCfg = Release|Any CPU
		{205701DE-F406-41EC-B9EB-CA20AE2AA677}.Release|Any CPU.Build.0 = Release|Any CPU
		{205701DE-F406-41EC-B9EB-CA20AE2AA677}.Release|ARM.ActiveCfg = Release|Any CPU
		{205701DE-F406-41EC-B9EB-CA20AE2AA677}.Release|ARM.Build.0 = Release|Any CPU
		{205701DE-F406-41EC-B9EB-CA20AE2AA677}.Release|ARM64.ActiveCfg = Release|Any CPU
		{205701DE-F406-41EC-B9EB-CA20AE2AA677}.Release|ARM64.Build.0 = Release|Any CPU
		{205701DE-F406-41EC-B9EB-CA20AE2AA677}.Release|iPhone.ActiveCfg = Release|Any CPU
		{205701DE-F406-41EC-B9EB-CA20AE2AA677}.Release|iPhone.Build.0 = Release|Any CPU
		{205701DE-F406-41EC-B9EB-CA20AE2AA677}.Release|iPhoneSimulator.ActiveCfg = Release|Any CPU
		{205701DE-F406-41EC-B9EB-CA20AE2AA677}.Release|iPhoneSimulator.Build.0 = Release|Any CPU
		{205701DE-F406-41EC-B9EB-CA20AE2AA677}.Release|x64.ActiveCfg = Release|Any CPU
		{205701DE-F406-41EC-B9EB-CA20AE2AA677}.Release|x64.Build.0 = Release|Any CPU
		{205701DE-F406-41EC-B9EB-CA20AE2AA677}.Release|x86.ActiveCfg = Release|Any CPU
		{205701DE-F406-41EC-B9EB-CA20AE2AA677}.Release|x86.Build.0 = Release|Any CPU
		{67F69A6A-8948-44E7-A40A-0CCA38D32324}.Debug|Any CPU.ActiveCfg = Debug|Any CPU
		{67F69A6A-8948-44E7-A40A-0CCA38D32324}.Debug|Any CPU.Build.0 = Debug|Any CPU
		{67F69A6A-8948-44E7-A40A-0CCA38D32324}.Debug|ARM.ActiveCfg = Debug|ARM
		{67F69A6A-8948-44E7-A40A-0CCA38D32324}.Debug|ARM.Build.0 = Debug|ARM
		{67F69A6A-8948-44E7-A40A-0CCA38D32324}.Debug|ARM64.ActiveCfg = Debug|ARM64
		{67F69A6A-8948-44E7-A40A-0CCA38D32324}.Debug|ARM64.Build.0 = Debug|ARM64
		{67F69A6A-8948-44E7-A40A-0CCA38D32324}.Debug|iPhone.ActiveCfg = Debug|Any CPU
		{67F69A6A-8948-44E7-A40A-0CCA38D32324}.Debug|iPhone.Build.0 = Debug|Any CPU
		{67F69A6A-8948-44E7-A40A-0CCA38D32324}.Debug|iPhoneSimulator.ActiveCfg = Debug|Any CPU
		{67F69A6A-8948-44E7-A40A-0CCA38D32324}.Debug|iPhoneSimulator.Build.0 = Debug|Any CPU
		{67F69A6A-8948-44E7-A40A-0CCA38D32324}.Debug|x64.ActiveCfg = Debug|x64
		{67F69A6A-8948-44E7-A40A-0CCA38D32324}.Debug|x64.Build.0 = Debug|x64
		{67F69A6A-8948-44E7-A40A-0CCA38D32324}.Debug|x86.ActiveCfg = Debug|x86
		{67F69A6A-8948-44E7-A40A-0CCA38D32324}.Debug|x86.Build.0 = Debug|x86
		{67F69A6A-8948-44E7-A40A-0CCA38D32324}.Release|Any CPU.ActiveCfg = Release|Any CPU
		{67F69A6A-8948-44E7-A40A-0CCA38D32324}.Release|Any CPU.Build.0 = Release|Any CPU
		{67F69A6A-8948-44E7-A40A-0CCA38D32324}.Release|ARM.ActiveCfg = Release|ARM
		{67F69A6A-8948-44E7-A40A-0CCA38D32324}.Release|ARM.Build.0 = Release|ARM
		{67F69A6A-8948-44E7-A40A-0CCA38D32324}.Release|ARM64.ActiveCfg = Release|ARM64
		{67F69A6A-8948-44E7-A40A-0CCA38D32324}.Release|ARM64.Build.0 = Release|ARM64
		{67F69A6A-8948-44E7-A40A-0CCA38D32324}.Release|iPhone.ActiveCfg = Release|Any CPU
		{67F69A6A-8948-44E7-A40A-0CCA38D32324}.Release|iPhone.Build.0 = Release|Any CPU
		{67F69A6A-8948-44E7-A40A-0CCA38D32324}.Release|iPhoneSimulator.ActiveCfg = Release|Any CPU
		{67F69A6A-8948-44E7-A40A-0CCA38D32324}.Release|iPhoneSimulator.Build.0 = Release|Any CPU
		{67F69A6A-8948-44E7-A40A-0CCA38D32324}.Release|x64.ActiveCfg = Release|x64
		{67F69A6A-8948-44E7-A40A-0CCA38D32324}.Release|x64.Build.0 = Release|x64
		{67F69A6A-8948-44E7-A40A-0CCA38D32324}.Release|x86.ActiveCfg = Release|x86
		{67F69A6A-8948-44E7-A40A-0CCA38D32324}.Release|x86.Build.0 = Release|x86
		{E41E4BA0-873E-4B22-BA30-7C90ABBEC63E}.Debug|Any CPU.ActiveCfg = Debug|Any CPU
		{E41E4BA0-873E-4B22-BA30-7C90ABBEC63E}.Debug|Any CPU.Build.0 = Debug|Any CPU
		{E41E4BA0-873E-4B22-BA30-7C90ABBEC63E}.Debug|ARM.ActiveCfg = Debug|Any CPU
		{E41E4BA0-873E-4B22-BA30-7C90ABBEC63E}.Debug|ARM.Build.0 = Debug|Any CPU
		{E41E4BA0-873E-4B22-BA30-7C90ABBEC63E}.Debug|ARM64.ActiveCfg = Debug|Any CPU
		{E41E4BA0-873E-4B22-BA30-7C90ABBEC63E}.Debug|ARM64.Build.0 = Debug|Any CPU
		{E41E4BA0-873E-4B22-BA30-7C90ABBEC63E}.Debug|iPhone.ActiveCfg = Debug|Any CPU
		{E41E4BA0-873E-4B22-BA30-7C90ABBEC63E}.Debug|iPhone.Build.0 = Debug|Any CPU
		{E41E4BA0-873E-4B22-BA30-7C90ABBEC63E}.Debug|iPhoneSimulator.ActiveCfg = Debug|Any CPU
		{E41E4BA0-873E-4B22-BA30-7C90ABBEC63E}.Debug|iPhoneSimulator.Build.0 = Debug|Any CPU
		{E41E4BA0-873E-4B22-BA30-7C90ABBEC63E}.Debug|x64.ActiveCfg = Debug|Any CPU
		{E41E4BA0-873E-4B22-BA30-7C90ABBEC63E}.Debug|x64.Build.0 = Debug|Any CPU
		{E41E4BA0-873E-4B22-BA30-7C90ABBEC63E}.Debug|x86.ActiveCfg = Debug|Any CPU
		{E41E4BA0-873E-4B22-BA30-7C90ABBEC63E}.Debug|x86.Build.0 = Debug|Any CPU
		{E41E4BA0-873E-4B22-BA30-7C90ABBEC63E}.Release|Any CPU.ActiveCfg = Release|Any CPU
		{E41E4BA0-873E-4B22-BA30-7C90ABBEC63E}.Release|Any CPU.Build.0 = Release|Any CPU
		{E41E4BA0-873E-4B22-BA30-7C90ABBEC63E}.Release|ARM.ActiveCfg = Release|Any CPU
		{E41E4BA0-873E-4B22-BA30-7C90ABBEC63E}.Release|ARM.Build.0 = Release|Any CPU
		{E41E4BA0-873E-4B22-BA30-7C90ABBEC63E}.Release|ARM64.ActiveCfg = Release|Any CPU
		{E41E4BA0-873E-4B22-BA30-7C90ABBEC63E}.Release|ARM64.Build.0 = Release|Any CPU
		{E41E4BA0-873E-4B22-BA30-7C90ABBEC63E}.Release|iPhone.ActiveCfg = Release|Any CPU
		{E41E4BA0-873E-4B22-BA30-7C90ABBEC63E}.Release|iPhone.Build.0 = Release|Any CPU
		{E41E4BA0-873E-4B22-BA30-7C90ABBEC63E}.Release|iPhoneSimulator.ActiveCfg = Release|Any CPU
		{E41E4BA0-873E-4B22-BA30-7C90ABBEC63E}.Release|iPhoneSimulator.Build.0 = Release|Any CPU
		{E41E4BA0-873E-4B22-BA30-7C90ABBEC63E}.Release|x64.ActiveCfg = Release|Any CPU
		{E41E4BA0-873E-4B22-BA30-7C90ABBEC63E}.Release|x64.Build.0 = Release|Any CPU
		{E41E4BA0-873E-4B22-BA30-7C90ABBEC63E}.Release|x86.ActiveCfg = Release|Any CPU
		{E41E4BA0-873E-4B22-BA30-7C90ABBEC63E}.Release|x86.Build.0 = Release|Any CPU
		{8DDF78EB-EB65-4FDD-9C9D-3D724B2F12C2}.Debug|Any CPU.ActiveCfg = Debug|Any CPU
		{8DDF78EB-EB65-4FDD-9C9D-3D724B2F12C2}.Debug|Any CPU.Build.0 = Debug|Any CPU
		{8DDF78EB-EB65-4FDD-9C9D-3D724B2F12C2}.Debug|ARM.ActiveCfg = Debug|Any CPU
		{8DDF78EB-EB65-4FDD-9C9D-3D724B2F12C2}.Debug|ARM.Build.0 = Debug|Any CPU
		{8DDF78EB-EB65-4FDD-9C9D-3D724B2F12C2}.Debug|ARM64.ActiveCfg = Debug|Any CPU
		{8DDF78EB-EB65-4FDD-9C9D-3D724B2F12C2}.Debug|ARM64.Build.0 = Debug|Any CPU
		{8DDF78EB-EB65-4FDD-9C9D-3D724B2F12C2}.Debug|iPhone.ActiveCfg = Debug|Any CPU
		{8DDF78EB-EB65-4FDD-9C9D-3D724B2F12C2}.Debug|iPhone.Build.0 = Debug|Any CPU
		{8DDF78EB-EB65-4FDD-9C9D-3D724B2F12C2}.Debug|iPhoneSimulator.ActiveCfg = Debug|Any CPU
		{8DDF78EB-EB65-4FDD-9C9D-3D724B2F12C2}.Debug|iPhoneSimulator.Build.0 = Debug|Any CPU
		{8DDF78EB-EB65-4FDD-9C9D-3D724B2F12C2}.Debug|x64.ActiveCfg = Debug|Any CPU
		{8DDF78EB-EB65-4FDD-9C9D-3D724B2F12C2}.Debug|x64.Build.0 = Debug|Any CPU
		{8DDF78EB-EB65-4FDD-9C9D-3D724B2F12C2}.Debug|x86.ActiveCfg = Debug|Any CPU
		{8DDF78EB-EB65-4FDD-9C9D-3D724B2F12C2}.Debug|x86.Build.0 = Debug|Any CPU
		{8DDF78EB-EB65-4FDD-9C9D-3D724B2F12C2}.Release|Any CPU.ActiveCfg = Release|Any CPU
		{8DDF78EB-EB65-4FDD-9C9D-3D724B2F12C2}.Release|Any CPU.Build.0 = Release|Any CPU
		{8DDF78EB-EB65-4FDD-9C9D-3D724B2F12C2}.Release|ARM.ActiveCfg = Release|Any CPU
		{8DDF78EB-EB65-4FDD-9C9D-3D724B2F12C2}.Release|ARM.Build.0 = Release|Any CPU
		{8DDF78EB-EB65-4FDD-9C9D-3D724B2F12C2}.Release|ARM64.ActiveCfg = Release|Any CPU
		{8DDF78EB-EB65-4FDD-9C9D-3D724B2F12C2}.Release|ARM64.Build.0 = Release|Any CPU
		{8DDF78EB-EB65-4FDD-9C9D-3D724B2F12C2}.Release|iPhone.ActiveCfg = Release|Any CPU
		{8DDF78EB-EB65-4FDD-9C9D-3D724B2F12C2}.Release|iPhone.Build.0 = Release|Any CPU
		{8DDF78EB-EB65-4FDD-9C9D-3D724B2F12C2}.Release|iPhoneSimulator.ActiveCfg = Release|Any CPU
		{8DDF78EB-EB65-4FDD-9C9D-3D724B2F12C2}.Release|iPhoneSimulator.Build.0 = Release|Any CPU
		{8DDF78EB-EB65-4FDD-9C9D-3D724B2F12C2}.Release|x64.ActiveCfg = Release|Any CPU
		{8DDF78EB-EB65-4FDD-9C9D-3D724B2F12C2}.Release|x64.Build.0 = Release|Any CPU
		{8DDF78EB-EB65-4FDD-9C9D-3D724B2F12C2}.Release|x86.ActiveCfg = Release|Any CPU
		{8DDF78EB-EB65-4FDD-9C9D-3D724B2F12C2}.Release|x86.Build.0 = Release|Any CPU
	EndGlobalSection
	GlobalSection(SolutionProperties) = preSolution
		HideSolutionNode = FALSE
	EndGlobalSection
	GlobalSection(NestedProjects) = preSolution
		{205701DE-F406-41EC-B9EB-CA20AE2AA677} = {D8C6D8FB-5D6C-47A5-AD68-9F4F00D874FF}
		{67F69A6A-8948-44E7-A40A-0CCA38D32324} = {D8C6D8FB-5D6C-47A5-AD68-9F4F00D874FF}
		{E41E4BA0-873E-4B22-BA30-7C90ABBEC63E} = {D8C6D8FB-5D6C-47A5-AD68-9F4F00D874FF}
		{8DDF78EB-EB65-4FDD-9C9D-3D724B2F12C2} = {D8C6D8FB-5D6C-47A5-AD68-9F4F00D874FF}
	EndGlobalSection
	GlobalSection(ExtensibilityGlobals) = postSolution
		SolutionGuid = {616B65DF-7645-40F0-AFA3-8B26B93408C8}
	EndGlobalSection
EndGlobal
